{
  "name": "minizap-runtime",
  "lockfileVersion": 3,
  "requires": true,
  "packages": {
    "": {
      "name": "minizap-runtime",
      "dependencies": {
        "node-linux-x64": "24.21.0"
      }
    },
    "node_modules/node-linux-x64": {
      "version": "24.21.0",
      "integrity": "sha512-3nULszZ5X0fciYpG0t6TrdApJzAn8+FlINP6OiMX7V8HrvpATPN936U1LlReOJriLRa4e8yEqQBYCnLyPNAs7Q==",
      "cpu": "x64",
      "license": "MIT",
      "os": "linux",
      "bin": {
        "node": "bin/node"
      }
    }
  }
}
